PODS:
  - AcknowList (2.1.1)
  - Alamofire (5.4.4)
  - BonMot (6.1.1)
  - Cache (6.0.0)
  - CompositionalLayoutDSL (0.1.0)
  - ConstraintKit (0.1.0)
  - CryptoSwift (1.5.1)
  - DeviceKit (4.6.0)
  - DevKit (0.1.0):
    - DevKit/Full (= 0.1.0)
  - DevKit/CommonError (0.1.0):
    - Moya
    - SwifterSwift
  - DevKit/Core (0.1.0):
    - Kingfisher
    - "NSObject+Rx"
    - RxCocoa
    - RxDataSources
    - RxSwift
    - Then
    - TinyConstraints
  - DevKit/Full (0.1.0):
    - DevKit/CommonError
    - DevKit/Core
    - DevKit/Networking
  - DevKit/Networking (0.1.0):
    - DevKit/CommonError
    - DevKit/Core
    - Moya
    - Toaster
  - Differentiator (5.0.0)
  - DZNEmptyDataSet (1.8.1)
  - ESTabBarController-swift (2.8.0)
  - Eureka (5.3.6)
  - FirebaseABTesting (9.2.0):
    - FirebaseCore (~> 9.0)
  - FirebaseAnalytics (9.2.0):
    - FirebaseAnalytics/AdIdSupport (= 9.2.0)
    - FirebaseCore (~> 9.0)
    - FirebaseInstallations (~> 9.0)
    - GoogleUtilities/AppDelegateSwizzler (~> 7.7)
    - GoogleUtilities/MethodSwizzler (~> 7.7)
    - GoogleUtilities/Network (~> 7.7)
    - "GoogleUtilities/NSData+zlib (~> 7.7)"
    - nanopb (< 2.30910.0, >= 2.30908.0)
  - FirebaseAnalytics/AdIdSupport (9.2.0):
    - FirebaseCore (~> 9.0)
    - FirebaseInstallations (~> 9.0)
    - GoogleAppMeasurement (= 9.2.0)
    - GoogleUtilities/AppDelegateSwizzler (~> 7.7)
    - GoogleUtilities/MethodSwizzler (~> 7.7)
    - GoogleUtilities/Network (~> 7.7)
    - "GoogleUtilities/NSData+zlib (~> 7.7)"
    - nanopb (< 2.30910.0, >= 2.30908.0)
  - FirebaseCore (9.2.0):
    - FirebaseCoreDiagnostics (~> 9.0)
    - FirebaseCoreInternal (~> 9.0)
    - GoogleUtilities/Environment (~> 7.7)
    - GoogleUtilities/Logger (~> 7.7)
  - FirebaseCoreDiagnostics (9.2.0):
    - GoogleDataTransport (< 10.0.0, >= 9.1.4)
    - GoogleUtilities/Environment (~> 7.7)
    - GoogleUtilities/Logger (~> 7.7)
    - nanopb (< 2.30910.0, >= 2.30908.0)
  - FirebaseCoreInternal (9.2.0):
    - "GoogleUtilities/NSData+zlib (~> 7.7)"
  - FirebaseCrashlytics (9.2.0):
    - FirebaseCore (~> 9.0)
    - FirebaseInstallations (~> 9.0)
    - GoogleDataTransport (< 10.0.0, >= 9.1.4)
    - GoogleUtilities/Environment (~> 7.7)
    - nanopb (< 2.30910.0, >= 2.30908.0)
    - PromisesObjC (~> 2.1)
  - FirebaseInstallations (9.2.0):
    - FirebaseCore (~> 9.0)
    - GoogleUtilities/Environment (~> 7.7)
    - GoogleUtilities/UserDefaults (~> 7.7)
    - PromisesObjC (~> 2.1)
  - FirebasePerformance (9.2.0):
    - FirebaseCore (~> 9.0)
    - FirebaseInstallations (~> 9.0)
    - FirebaseRemoteConfig (~> 9.0)
    - GoogleDataTransport (< 10.0.0, >= 9.1.4)
    - GoogleUtilities/Environment (~> 7.7)
    - GoogleUtilities/ISASwizzler (~> 7.7)
    - GoogleUtilities/MethodSwizzler (~> 7.7)
    - nanopb (< 2.30910.0, >= 2.30908.0)
  - FirebaseRemoteConfig (9.2.0):
    - FirebaseABTesting (~> 9.0)
    - FirebaseCore (~> 9.0)
    - FirebaseInstallations (~> 9.0)
    - GoogleUtilities/Environment (~> 7.7)
    - "GoogleUtilities/NSData+zlib (~> 7.7)"
  - GDPerformanceView-Swift (2.1.1)
  - GoogleAppMeasurement (9.2.0):
    - GoogleAppMeasurement/AdIdSupport (= 9.2.0)
    - GoogleUtilities/AppDelegateSwizzler (~> 7.7)
    - GoogleUtilities/MethodSwizzler (~> 7.7)
    - GoogleUtilities/Network (~> 7.7)
    - "GoogleUtilities/NSData+zlib (~> 7.7)"
    - nanopb (< 2.30910.0, >= 2.30908.0)
  - GoogleAppMeasurement/AdIdSupport (9.2.0):
    - GoogleAppMeasurement/WithoutAdIdSupport (= 9.2.0)
    - GoogleUtilities/AppDelegateSwizzler (~> 7.7)
    - GoogleUtilities/MethodSwizzler (~> 7.7)
    - GoogleUtilities/Network (~> 7.7)
    - "GoogleUtilities/NSData+zlib (~> 7.7)"
    - nanopb (< 2.30910.0, >= 2.30908.0)
  - GoogleAppMeasurement/WithoutAdIdSupport (9.2.0):
    - GoogleUtilities/AppDelegateSwizzler (~> 7.7)
    - GoogleUtilities/MethodSwizzler (~> 7.7)
    - GoogleUtilities/Network (~> 7.7)
    - "GoogleUtilities/NSData+zlib (~> 7.7)"
    - nanopb (< 2.30910.0, >= 2.30908.0)
  - GoogleDataTransport (9.1.4):
    - GoogleUtilities/Environment (~> 7.7)
    - nanopb (< 2.30910.0, >= 2.30908.0)
    - PromisesObjC (< 3.0, >= 1.2)
  - GoogleUtilities/AppDelegateSwizzler (7.7.0):
    - GoogleUtilities/Environment
    - GoogleUtilities/Logger
    - GoogleUtilities/Network
  - GoogleUtilities/Environment (7.7.0):
    - PromisesObjC (< 3.0, >= 1.2)
  - GoogleUtilities/ISASwizzler (7.7.0)
  - GoogleUtilities/Logger (7.7.0):
    - GoogleUtilities/Environment
  - GoogleUtilities/MethodSwizzler (7.7.0):
    - GoogleUtilities/Logger
  - GoogleUtilities/Network (7.7.0):
    - GoogleUtilities/Logger
    - "GoogleUtilities/NSData+zlib"
    - GoogleUtilities/Reachability
  - "GoogleUtilities/NSData+zlib (7.7.0)"
  - GoogleUtilities/Reachability (7.7.0):
    - GoogleUtilities/Logger
  - GoogleUtilities/UserDefaults (7.7.0):
    - GoogleUtilities/Logger
  - HXPHPicker/Core (1.4.1)
  - HXPHPicker/Editor (1.4.1):
    - HXPHPicker/Editor/KF (= 1.4.1)
    - HXPHPicker/Editor/Lite (= 1.4.1)
  - HXPHPicker/Editor/KF (1.4.1):
    - HXPHPicker/Editor/Lite
    - Kingfisher (~> 7.0)
  - HXPHPicker/Editor/Lite (1.4.1):
    - HXPHPicker/Core
  - IQKeyboardManagerSwift (6.5.10)
  - KafkaRefresh (1.5.0):
    - KafkaRefresh/Category (= 1.5.0)
    - KafkaRefresh/Configuration (= 1.5.0)
    - KafkaRefresh/Core (= 1.5.0)
    - KafkaRefresh/Default (= 1.5.0)
    - KafkaRefresh/Style (= 1.5.0)
    - KafkaRefresh/UIKit (= 1.5.0)
  - KafkaRefresh/Category (1.5.0)
  - KafkaRefresh/Configuration (1.5.0):
    - KafkaRefresh/UIKit/FootKit
    - KafkaRefresh/UIKit/HeadKit
  - KafkaRefresh/Core (1.5.0):
    - KafkaRefresh/Category
  - KafkaRefresh/Default (1.5.0):
    - KafkaRefresh/Style
  - KafkaRefresh/Style (1.5.0)
  - KafkaRefresh/UIKit (1.5.0):
    - KafkaRefresh/UIKit/FootKit (= 1.5.0)
    - KafkaRefresh/UIKit/HeadKit (= 1.5.0)
    - KafkaRefresh/UIKit/LayerKit (= 1.5.0)
  - KafkaRefresh/UIKit/FootKit (1.5.0):
    - KafkaRefresh/Category
    - KafkaRefresh/Core
    - KafkaRefresh/Default
    - KafkaRefresh/Style
    - KafkaRefresh/UIKit/LayerKit
  - KafkaRefresh/UIKit/HeadKit (1.5.0):
    - KafkaRefresh/Category
    - KafkaRefresh/Core
    - KafkaRefresh/Default
    - KafkaRefresh/Style
    - KafkaRefresh/UIKit/LayerKit
  - KafkaRefresh/UIKit/LayerKit (1.5.0):
    - KafkaRefresh/Category
    - KafkaRefresh/Default
  - KeychainAccess (4.2.2)
  - Kingfisher (7.2.4)
  - Localize-Swift (3.2.0):
    - Localize-Swift/LocalizeSwiftCore (= 3.2.0)
    - Localize-Swift/UIKit (= 3.2.0)
  - Localize-Swift/LocalizeSwiftCore (3.2.0)
  - Localize-Swift/UIKit (3.2.0):
    - Localize-Swift/LocalizeSwiftCore
  - MJRefresh (3.7.5)
  - Moya (15.0.0):
    - Moya/Core (= 15.0.0)
  - Moya/Core (15.0.0):
    - Alamofire (~> 5.0)
  - Moya/RxSwift (15.0.0):
    - Moya/Core
    - RxSwift (~> 6.0)
  - nanopb (2.30909.0):
    - nanopb/decode (= 2.30909.0)
    - nanopb/encode (= 2.30909.0)
  - nanopb/decode (2.30909.0)
  - nanopb/encode (2.30909.0)
  - netfox (1.21.0)
  - Nimble (10.0.0)
  - "NSObject+Rx (5.2.2)":
    - RxSwift (~> 6.2)
  - PromisesObjC (2.1.0)
  - Quick (4.0.0)
  - R.swift (6.1.0):
    - R.swift.Library (~> 5.3.0)
  - R.swift.Library (5.3.0)
  - ReactorKit (3.2.0):
    - RxSwift (~> 6.0)
    - WeakMapTable (~> 1.1)
  - ReusableKit (3.0.0):
    - ReusableKit/Core (= 3.0.0)
  - ReusableKit/Core (3.0.0)
  - RxCocoa (6.5.0):
    - RxRelay (= 6.5.0)
    - RxSwift (= 6.5.0)
  - RxDataSources (5.0.0):
    - Differentiator (~> 5.0)
    - RxCocoa (~> 6.0)
    - RxSwift (~> 6.0)
  - RxKingfisher (2.1.0):
    - Kingfisher (~> 7)
    - RxCocoa (~> 6)
    - RxSwift (~> 6)
  - RxOptional (5.0.2):
    - RxCocoa (~> 6.0)
    - RxSwift (~> 6.0)
  - RxRelay (6.5.0):
    - RxSwift (= 6.5.0)
  - RxSwift (6.5.0)
  - RxSwiftExt (6.0.1):
    - RxSwiftExt/Core (= 6.0.1)
    - RxSwiftExt/RxCocoa (= 6.0.1)
  - RxSwiftExt/Core (6.0.1):
    - RxSwift (~> 6.0)
  - RxSwiftExt/RxCocoa (6.0.1):
    - RxCocoa (~> 6.0)
    - RxSwiftExt/Core
  - RxTheme (6.0.0):
    - RxCocoa (~> 6.0)
    - RxSwift (~> 6.0)
  - RxViewController (2.0.0):
    - RxCocoa (~> 6.0)
    - RxSwift (~> 6.0)
  - Siren (5.8.1)
  - SPAlert (4.2.0)
  - SplitRow (2.2.0):
    - Eureka (~> 5.3.3)
  - StackKit (0.1.0):
    - ConstraintKit
  - SwifterSwift (5.2.0):
    - SwifterSwift/AppKit (= 5.2.0)
    - SwifterSwift/CoreAnimation (= 5.2.0)
    - SwifterSwift/CoreGraphics (= 5.2.0)
    - SwifterSwift/CoreLocation (= 5.2.0)
    - SwifterSwift/Dispatch (= 5.2.0)
    - SwifterSwift/Foundation (= 5.2.0)
    - SwifterSwift/MapKit (= 5.2.0)
    - SwifterSwift/SceneKit (= 5.2.0)
    - SwifterSwift/SpriteKit (= 5.2.0)
    - SwifterSwift/StoreKit (= 5.2.0)
    - SwifterSwift/SwiftStdlib (= 5.2.0)
    - SwifterSwift/UIKit (= 5.2.0)
  - SwifterSwift/AppKit (5.2.0)
  - SwifterSwift/CoreAnimation (5.2.0)
  - SwifterSwift/CoreGraphics (5.2.0)
  - SwifterSwift/CoreLocation (5.2.0)
  - SwifterSwift/Dispatch (5.2.0)
  - SwifterSwift/Foundation (5.2.0)
  - SwifterSwift/MapKit (5.2.0)
  - SwifterSwift/SceneKit (5.2.0)
  - SwifterSwift/SpriteKit (5.2.0)
  - SwifterSwift/StoreKit (5.2.0)
  - SwifterSwift/SwiftStdlib (5.2.0)
  - SwifterSwift/UIKit (5.2.0)
  - SwiftMessages (9.0.6):
    - SwiftMessages/App (= 9.0.6)
  - SwiftMessages/App (9.0.6)
  - SwiftyFitsize (1.4.0):
    - DeviceKit
  - SwiftyImage (1.6.0)
  - Then (3.0.0)
  - TinyConstraints (4.0.2)
  - Toaster (2.3.0)
  - ViewAnimator (3.1.0)
  - WeakMapTable (1.2.0)

DEPENDENCIES:
  - AcknowList
  - Alamofire (= 5.4.4)
  - BonMot
  - Cache
  - CompositionalLayoutDSL (~> 0.1.0)
  - ConstraintKit (from `https://github.com/gymshark/ios-constraint-kit.git`)
  - CryptoSwift
  - DeviceKit
  - DevKit (from `OtherPods/DevKit/`)
  - DZNEmptyDataSet
  - ESTabBarController-swift
  - Eureka
  - FirebaseAnalytics
  - FirebaseCrashlytics
  - FirebasePerformance
  - GDPerformanceView-Swift (~> 2.1.1)
  - HXPHPicker/Editor
  - IQKeyboardManagerSwift
  - KafkaRefresh
  - KeychainAccess
  - Kingfisher (~> 7.0)
  - Localize-Swift (~> 3.2)
  - MJRefresh
  - Moya/RxSwift
  - netfox
  - Nimble
  - "NSObject+Rx"
  - Quick (from `https://github.com/mimibuduo123/Quick.git`, branch `bugfix_Xcode13.3`)
  - R.swift
  - ReactorKit
  - ReusableKit
  - RxCocoa
  - RxDataSources
  - RxKingfisher (from `https://github.com/RxSwiftCommunity/RxKingfisher.git`)
  - RxOptional
  - RxSwift
  - RxSwiftExt
  - RxTheme
  - RxViewController
  - Siren
  - SPAlert
  - SplitRow
  - StackKit (from `https://github.com/gymshark/ios-stack-kit.git`)
  - SwifterSwift
  - SwiftMessages
  - SwiftyFitsize (from `https://github.com/sephilex-dev/SwiftyFitsize.git`)
  - SwiftyImage (~> 1.1)
  - Then
  - TinyConstraints
  - Toaster
  - ViewAnimator

SPEC REPOS:
  trunk:
    - AcknowList
    - Alamofire
    - BonMot
    - Cache
    - CompositionalLayoutDSL
    - CryptoSwift
    - DeviceKit
    - Differentiator
    - DZNEmptyDataSet
    - ESTabBarController-swift
    - Eureka
    - FirebaseABTesting
    - FirebaseAnalytics
    - FirebaseCore
    - FirebaseCoreDiagnostics
    - FirebaseCoreInternal
    - FirebaseCrashlytics
    - FirebaseInstallations
    - FirebasePerformance
    - FirebaseRemoteConfig
    - GDPerformanceView-Swift
    - GoogleAppMeasurement
    - GoogleDataTransport
    - GoogleUtilities
    - HXPHPicker
    - IQKeyboardManagerSwift
    - KafkaRefresh
    - KeychainAccess
    - Kingfisher
    - Localize-Swift
    - MJRefresh
    - Moya
    - nanopb
    - netfox
    - Nimble
    - "NSObject+Rx"
    - PromisesObjC
    - R.swift
    - R.swift.Library
    - ReactorKit
    - ReusableKit
    - RxCocoa
    - RxDataSources
    - RxOptional
    - RxRelay
    - RxSwift
    - RxSwiftExt
    - RxTheme
    - RxViewController
    - Siren
    - SPAlert
    - SplitRow
    - SwifterSwift
    - SwiftMessages
    - SwiftyImage
    - Then
    - TinyConstraints
    - Toaster
    - ViewAnimator
    - WeakMapTable

EXTERNAL SOURCES:
  ConstraintKit:
    :git: https://github.com/gymshark/ios-constraint-kit.git
  DevKit:
    :path: OtherPods/DevKit/
  Quick:
    :branch: bugfix_Xcode13.3
    :git: https://github.com/mimibuduo123/Quick.git
  RxKingfisher:
    :git: https://github.com/RxSwiftCommunity/RxKingfisher.git
  StackKit:
    :git: https://github.com/gymshark/ios-stack-kit.git
  SwiftyFitsize:
    :git: https://github.com/sephilex-dev/SwiftyFitsize.git

CHECKOUT OPTIONS:
  ConstraintKit:
    :commit: 404baf28a47a5cbbb9fcb59ef8c7be605e394c4a
    :git: https://github.com/gymshark/ios-constraint-kit.git
  Quick:
    :commit: 1604d4c62c2684915bb516b2a6685d5128d2af12
    :git: https://github.com/mimibuduo123/Quick.git
  RxKingfisher:
    :commit: 3afba5ccbaf30b493529c4f686a8d6d11304e367
    :git: https://github.com/RxSwiftCommunity/RxKingfisher.git
  StackKit:
    :commit: 2800f233bf6e27eee06881250e83378ec07bf345
    :git: https://github.com/gymshark/ios-stack-kit.git
  SwiftyFitsize:
    :commit: 037dc961dc50dc6634d778c954d779dffc9c2248
    :git: https://github.com/sephilex-dev/SwiftyFitsize.git

SPEC CHECKSUMS:
  AcknowList: 206119961f03cfd1e15817129f6f51537707f169
  Alamofire: f3b09a368f1582ab751b3fff5460276e0d2cf5c9
  BonMot: 42c7134bab1da1d1d8805b02113635c12f0200cc
  Cache: 4ca7e00363fca5455f26534e5607634c820ffc2d
  CompositionalLayoutDSL: d260ea8b6e35ac2d1501b41670f474cd4c2162b2
  ConstraintKit: 5c784eb4c8c0639f09ac5d298860825fe1048bf0
  CryptoSwift: c4f2debceb38bf44c80659afe009f71e23e4a082
  DeviceKit: 834dd8aa1be53cd85364d8f49aa5d98bfac397c4
  DevKit: 3a773ca2630f395fd62b2947ecc4f73ea1f199f3
  Differentiator: e8497ceab83c1b10ca233716d547b9af21b9344d
  DZNEmptyDataSet: 9525833b9e68ac21c30253e1d3d7076cc828eaa7
  ESTabBarController-swift: 05593a6ad64700b03c0eb60ff625916370aa4136
  Eureka: 28ad9dec6286cd7cd601fdf8e8df39bb7356a8f4
  FirebaseABTesting: cd1ec762a0078b46a7ce91dfe5b7b8991c2dff8f
  FirebaseAnalytics: af5a03a8dff7648c7b8486f6a78b1368e0268dd3
  FirebaseCore: 0e27f2a15d8f7b7ef11e7d93e23b1cbab55d748c
  FirebaseCoreDiagnostics: ad3f6c68b7c5b63b7cf15b0785d7137f05f32268
  FirebaseCoreInternal: cb966328b6985dbd6f535e1461291063e1c4a00f
  FirebaseCrashlytics: 9fff819edb2bfc9d3eff612225b207d41945a935
  FirebaseInstallations: 21186f0ca7849f90f4a3219fa31a5eca2e30f113
  FirebasePerformance: 5a8d2a9e645a398dfcc02657853f4b946675d5d4
  FirebaseRemoteConfig: 16e29297f0dd0c7d2415c4506d614fe0b54875d1
  GDPerformanceView-Swift: 22d964fe40b19e3d914dba2586237d064de8fd77
  GoogleAppMeasurement: 7a33224321f975d58c166657260526775d9c6b1a
  GoogleDataTransport: 5fffe35792f8b96ec8d6775f5eccd83c998d5a3b
  GoogleUtilities: e0913149f6b0625b553d70dae12b49fc62914fd1
  HXPHPicker: de3830309eef9a38e37d1ba1596b005f90840a9e
  IQKeyboardManagerSwift: 52962c76ab33532f15ad9f3ff4e5715eda5335bb
  KafkaRefresh: 01645b1509b8647809f6bb666629c80855bd3fdd
  KeychainAccess: c0c4f7f38f6fc7bbe58f5702e25f7bd2f65abf51
  Kingfisher: 2457be2121734e69e54a2312ecc0150eb9ae70b3
  Localize-Swift: 6f4475136bdb0d7b2882ea3d4ea919d70142b232
  MJRefresh: fdf5e979eb406a0341468932d1dfc8b7f9fce961
  Moya: 138f0573e53411fb3dc17016add0b748dfbd78ee
  nanopb: b552cce312b6c8484180ef47159bc0f65a1f0431
  netfox: 9d5cc727fe7576c4c7688a2504618a156b7d44b7
  Nimble: 5316ef81a170ce87baf72dd961f22f89a602ff84
  "NSObject+Rx": 61cf1f7306a73dcef8b36649198af0813ec18dfd
  PromisesObjC: 99b6f43f9e1044bd87a95a60beff28c2c44ddb72
  Quick: 5dc45f9bc11236594a7acc99f7bd85ecdc9a477d
  R.swift: ec98ff71c4ab2f6fd01dd077e5afd15e63a4834c
  R.swift.Library: 0fc583cb55a99e28901299cc451614cad1161962
  ReactorKit: e8b11d6b9c415405f381669b095c154a05b59eca
  ReusableKit: e5f853ad4652e411f96b6119b2488afa12929be6
  RxCocoa: 94f817b71c07517321eb4f9ad299112ca8af743b
  RxDataSources: aa47cc1ed6c500fa0dfecac5c979b723542d79cf
  RxKingfisher: d5e849df4d6e3db50ca63954092238c0994ff61d
  RxOptional: 3664964c96b69dd20c9cf78bdfe546615e26eca8
  RxRelay: 1de1523e604c72b6c68feadedd1af3b1b4d0ecbd
  RxSwift: 5710a9e6b17f3c3d6e40d6e559b9fa1e813b2ef8
  RxSwiftExt: d61c4b9b06e0a448041b1c659e0f1b5c5a035afc
  RxTheme: be60cb14e0544b3cbd574cc37fed35ba9d61aa1f
  RxViewController: 56486fa0afd629a1d6b5ba077f3b8cd9dc31b5d2
  Siren: de768099aff1f1c9acda4247064788a4940b4bf3
  SPAlert: 735da1f16a887e294719217572ce1f936d8c8782
  SplitRow: 1911d2bd0f34e6ac93d83cc741730505a91c4d04
  StackKit: 7b2c05841e8e5adb244aacb958c4f7cdbfe6dccf
  SwifterSwift: 334181863c416882d97b7a60c05054d9e4d799e2
  SwiftMessages: f0c7ef4705a570ad6c5e208b611f4333e660ed92
  SwiftyFitsize: 5a24e56fd839c8c7c02c03f9a363b39070126354
  SwiftyImage: 65c71a147f417fc0fe137d17b135aaa666279a09
  Then: 844265ae87834bbe1147d91d5d41a404da2ec27d
  TinyConstraints: 7b7ccc0c485bb3bb47082138ff28bc33cd49897f
  Toaster: c3473963c78e8cabbf6ea6f11ad0fdaae6f54987
  ViewAnimator: a9ceed80266e00fd435ec4fb99b2df64d580d0e4
  WeakMapTable: 05c694ce8439a7a9ebabb56187287a63c57673d6

PODFILE CHECKSUM: 12b72fa00a81acc7389a0ff661934c518f5ba87c

COCOAPODS: 1.11.3
